// !$*UTF8*$!
{
	archiveVersion = 1;
	classes = {
	};
	objectVersion = 50;
	objects = {

/* Begin PBXBuildFile section */
		AD9B2DC0246F05F9005614C5 /* Perspective in Resources */ = {isa = PBXBuildFile; fileRef = AD9B2DBF246F05F9005614C5 /* Perspective */; };
		D446063720E41C43003EE0AD /* AppDelegate.m in Sources */ = {isa = PBXBuildFile; fileRef = D446063620E41C43003EE0AD /* AppDelegate.m */; };
		D446063A20E41C43003EE0AD /* ViewController.m in Sources */ = {isa = PBXBuildFile; fileRef = D446063920E41C43003EE0AD /* ViewController.m */; };
		D446063D20E41C43003EE0AD /* Main.storyboard in Resources */ = {isa = PBXBuildFile; fileRef = D446063B20E41C43003EE0AD /* Main.storyboard */; };
		D446063F20E41C44003EE0AD /* Assets.xcassets in Resources */ = {isa = PBXBuildFile; fileRef = D446063E20E41C44003EE0AD /* Assets.xcassets */; };
		D446064220E41C44003EE0AD /* LaunchScreen.storyboard in Resources */ = {isa = PBXBuildFile; fileRef = D446064020E41C44003EE0AD /* LaunchScreen.storyboard */; };
		D446064520E41C44003EE0AD /* main.m in Sources */ = {isa = PBXBuildFile; fileRef = D446064420E41C44003EE0AD /* main.m */; };
		D446064C20E41D1B003EE0AD /* Default-568h@2x.png in Resources */ = {isa = PBXBuildFile; fileRef = D446064B20E41D1B003EE0AD /* Default-568h@2x.png */; };
		D446065320E4203A003EE0AD /* GLESView.mm in Sources */ = {isa = PBXBuildFile; fileRef = D446065220E4203A003EE0AD /* GLESView.mm */; };
/* End PBXBuildFile section */

/* Begin PBXFileReference section */
		AD9B2DBF246F05F9005614C5 /* Perspective */ = {isa = PBXFileReference; lastKnownFileType = folder; name = Perspective; sourceTree = "<group>"; };
		D446063220E41C43003EE0AD /* TriangleOrtho.app */ = {isa = PBXFileReference; explicitFileType = wrapper.application; includeInIndex = 0; path = TriangleOrtho.app; sourceTree = BUILT_PRODUCTS_DIR; };
		D446063520E41C43003EE0AD /* AppDelegate.h */ = {isa = PBXFileReference; lastKnownFileType = sourcecode.c.h; path = AppDelegate.h; sourceTree = "<group>"; };
		D446063620E41C43003EE0AD /* AppDelegate.m */ = {isa = PBXFileReference; lastKnownFileType = sourcecode.c.objc; path = AppDelegate.m; sourceTree = "<group>"; };
		D446063820E41C43003EE0AD /* ViewController.h */ = {isa = PBXFileReference; lastKnownFileType = sourcecode.c.h; path = ViewController.h; sourceTree = "<group>"; };
		D446063920E41C43003EE0AD /* ViewController.m */ = {isa = PBXFileReference; lastKnownFileType = sourcecode.c.objc; path = ViewController.m; sourceTree = "<group>"; };
		D446063C20E41C43003EE0AD /* Base */ = {isa = PBXFileReference; lastKnownFileType = file.storyboard; name = Base; path = Base.lproj/Main.storyboard; sourceTree = "<group>"; };
		D446063E20E41C44003EE0AD /* Assets.xcassets */ = {isa = PBXFileReference; lastKnownFileType = folder.assetcatalog; path = Assets.xcassets; sourceTree = "<group>"; };
		D446064120E41C44003EE0AD /* Base */ = {isa = PBXFileReference; lastKnownFileType = file.storyboard; name = Base; path = Base.lproj/LaunchScreen.storyboard; sourceTree = "<group>"; };
		D446064320E41C44003EE0AD /* Info.plist */ = {isa = PBXFileReference; lastKnownFileType = text.plist.xml; path = Info.plist; sourceTree = "<group>"; };
		D446064420E41C44003EE0AD /* main.m */ = {isa = PBXFileReference; lastKnownFileType = sourcecode.c.objc; path = main.m; sourceTree = "<group>"; };
		D446064B20E41D1B003EE0AD /* Default-568h@2x.png */ = {isa = PBXFileReference; lastKnownFileType = image.png; path = "Default-568h@2x.png"; sourceTree = "<group>"; };
		D446064E20E41EB4003EE0AD /* GLESView.h */ = {isa = PBXFileReference; fileEncoding = 4; lastKnownFileType = sourcecode.c.h; path = GLESView.h; sourceTree = "<group>"; };
		D446064F20E41EB4003EE0AD /* vmath.h */ = {isa = PBXFileReference; fileEncoding = 4; lastKnownFileType = sourcecode.c.h; path = vmath.h; sourceTree = "<group>"; };
		D446065220E4203A003EE0AD /* GLESView.mm */ = {isa = PBXFileReference; fileEncoding = 4; lastKnownFileType = sourcecode.cpp.objcpp; path = GLESView.mm; sourceTree = "<group>"; };
/* End PBXFileReference section */

/* Begin PBXFrameworksBuildPhase section */
		D446062F20E41C43003EE0AD /* Frameworks */ = {
			isa = PBXFrameworksBuildPhase;
			buildActionMask = 2147483647;
			files = (
			);
			runOnlyForDeploymentPostprocessing = 0;
		};
/* End PBXFrameworksBuildPhase section */

/* Begin PBXGroup section */
		D446062920E41C43003EE0AD = {
			isa = PBXGroup;
			children = (
				D446063420E41C43003EE0AD /* Perspective */,
				D446063320E41C43003EE0AD /* Products */,
			);
			sourceTree = "<group>";
		};
		D446063320E41C43003EE0AD /* Products */ = {
			isa = PBXGroup;
			children = (
				D446063220E41C43003EE0AD /* TriangleOrtho.app */,
			);
			name = Products;
			sourceTree = "<group>";
		};
		D446063420E41C43003EE0AD /* Perspective */ = {
			isa = PBXGroup;
			children = (
				AD9B2DBF246F05F9005614C5 /* Perspective */,
				D446064E20E41EB4003EE0AD /* GLESView.h */,
				D446065220E4203A003EE0AD /* GLESView.mm */,
				D446064F20E41EB4003EE0AD /* vmath.h */,
				D446063520E41C43003EE0AD /* AppDelegate.h */,
				D446063620E41C43003EE0AD /* AppDelegate.m */,
				D446063820E41C43003EE0AD /* ViewController.h */,
				D446063920E41C43003EE0AD /* ViewController.m */,
				D446063B20E41C43003EE0AD /* Main.storyboard */,
				D446063E20E41C44003EE0AD /* Assets.xcassets */,
				D446064020E41C44003EE0AD /* LaunchScreen.storyboard */,
				D446064320E41C44003EE0AD /* Info.plist */,
				D446064420E41C44003EE0AD /* main.m */,
				D446064D20E41E8C003EE0AD /* Resources */,
			);
			path = Perspective;
			sourceTree = SOURCE_ROOT;
		};
		D446064D20E41E8C003EE0AD /* Resources */ = {
			isa = PBXGroup;
			children = (
				D446064B20E41D1B003EE0AD /* Default-568h@2x.png */,
			);
			path = Resources;
			sourceTree = "<group>";
		};
/* End PBXGroup section */

/* Begin PBXNativeTarget section */
		D446063120E41C43003EE0AD /* TriangleOrtho */ = {
			isa = PBXNativeTarget;
			buildConfigurationList = D446064820E41C44003EE0AD /* Build configuration list for PBXNativeTarget "TriangleOrtho" */;
			buildPhases = (
				D446062E20E41C43003EE0AD /* Sources */,
				D446062F20E41C43003EE0AD /* Frameworks */,
				D446063020E41C43003EE0AD /* Resources */,
			);
			buildRules = (
			);
			dependencies = (
			);
			name = TriangleOrtho;
			productName = TriangleOrtho;
			productReference = D446063220E41C43003EE0AD /* TriangleOrtho.app */;
			productType = "com.apple.product-type.application";
		};
/* End PBXNativeTarget section */

/* Begin PBXProject section */
		D446062A20E41C43003EE0AD /* Project object */ = {
			isa = PBXProject;
			attributes = {
				LastUpgradeCheck = 0940;
				TargetAttributes = {
					D446063120E41C43003EE0AD = {
						CreatedOnToolsVersion = 9.4.1;
					};
				};
			};
			buildConfigurationList = D446062D20E41C43003EE0AD /* Build configuration list for PBXProject "TriangleOrtho" */;
			compatibilityVersion = "Xcode 9.3";
			developmentRegion = en;
			hasScannedForEncodings = 0;
			knownRegions = (
				en,
				Base,
			);
			mainGroup = D446062920E41C43003EE0AD;
			productRefGroup = D446063320E41C43003EE0AD /* Products */;
			projectDirPath = "";
			projectRoot = "";
			targets = (
				D446063120E41C43003EE0AD /* TriangleOrtho */,
			);
		};
/* End PBXProject section */

/* Begin PBXResourcesBuildPhase section */
		D446063020E41C43003EE0AD /* Resources */ = {
			isa = PBXResourcesBuildPhase;
			buildActionMask = 2147483647;
			files = (
				D446064220E41C44003EE0AD /* LaunchScreen.storyboard in Resources */,
				D446064C20E41D1B003EE0AD /* Default-568h@2x.png in Resources */,
				D446063F20E41C44003EE0AD /* Assets.xcassets in Resources */,
				D446063D20E41C43003EE0AD /* Main.storyboard in Resources */,
				AD9B2DC0246F05F9005614C5 /* Perspective in Resources */,
			);
			runOnlyForDeploymentPostprocessing = 0;
		};
/* End PBXResourcesBuildPhase section */

/* Begin PBXSourcesBuildPhase section */
		D446062E20E41C43003EE0AD /* Sources */ = {
			isa = PBXSourcesBuildPhase;
			buildActionMask = 2147483647;
			files = (
				D446063A20E41C43003EE0AD /* ViewController.m in Sources */,
				D446065320E4203A003EE0AD /* GLESView.mm in Sources */,
				D446064520E41C44003EE0AD /* main.m in Sources */,
				D446063720E41C43003EE0AD /* AppDelegate.m in Sources */,
			);
			runOnlyForDeploymentPostprocessing = 0;
		};
/* End PBXSourcesBuildPhase section */

/* Begin PBXVariantGroup section */
		D446063B20E41C43003EE0AD /* Main.storyboard */ = {
			isa = PBXVariantGroup;
			children = (
				D446063C20E41C43003EE0AD /* Base */,
			);
			name = Main.storyboard;
			sourceTree = "<group>";
		};
		D446064020E41C44003EE0AD /* LaunchScreen.storyboard */ = {
			isa = PBXVariantGroup;
			children = (
				D446064120E41C44003EE0AD /* Base */,
			);
			name = LaunchScreen.storyboard;
			sourceTree = "<group>";
		};
/* End PBXVariantGroup section */

/* Begin XCBuildConfiguration section */
		D446064620E41C44003EE0AD /* Debug */ = {
			isa = XCBuildConfiguration;
			buildSettings = {
				ALWAYS_SEARCH_USER_PATHS = NO;
				CLANG_ANALYZER_NONNULL = YES;
				CLANG_ANALYZER_NUMBER_OBJECT_CONVERSION = YES_AGGRESSIVE;
				CLANG_CXX_LANGUAGE_STANDARD = "gnu++14";
				CLANG_CXX_LIBRARY = "libc++";
				CLANG_ENABLE_MODULES = YES;
				CLANG_ENABLE_OBJC_ARC = YES;
				CLANG_ENABLE_OBJC_WEAK = YES;
				CLANG_WARN_BLOCK_CAPTURE_AUTORELEASING = YES;
				CLANG_WARN_BOOL_CONVERSION = YES;
				CLANG_WARN_COMMA = YES;
				CLANG_WARN_CONSTANT_CONVERSION = YES;
				CLANG_WARN_DEPRECATED_OBJC_IMPLEMENTATIONS = YES;
				CLANG_WARN_DIRECT_OBJC_ISA_USAGE = YES_ERROR;
				CLANG_WARN_DOCUMENTATION_COMMENTS = YES;
				CLANG_WARN_EMPTY_BODY = YES;
				CLANG_WARN_ENUM_CONVERSION = YES;
				CLANG_WARN_INFINITE_RECURSION = YES;
				CLANG_WARN_INT_CONVERSION = YES;
				CLANG_WARN_NON_LITERAL_NULL_CONVERSION = YES;
				CLANG_WARN_OBJC_IMPLICIT_RETAIN_SELF = YES;
				CLANG_WARN_OBJC_LITERAL_CONVERSION = YES;
				CLANG_WARN_OBJC_ROOT_CLASS = YES_ERROR;
				CLANG_WARN_RANGE_LOOP_ANALYSIS = YES;
				CLANG_WARN_STRICT_PROTOTYPES = YES;
				CLANG_WARN_SUSPICIOUS_MOVE = YES;
				CLANG_WARN_UNGUARDED_AVAILABILITY = YES_AGGRESSIVE;
				CLANG_WARN_UNREACHABLE_CODE = YES;
				CLANG_WARN__DUPLICATE_METHOD_MATCH = YES;
				CODE_SIGN_IDENTITY = "iPhone Developer";
				COPY_PHASE_STRIP = NO;
				DEBUG_INFORMATION_FORMAT = dwarf;
				ENABLE_STRICT_OBJC_MSGSEND = YES;
				ENABLE_TESTABILITY = YES;
				GCC_C_LANGUAGE_STANDARD = gnu11;
				GCC_DYNAMIC_NO_PIC = NO;
				GCC_NO_COMMON_BLOCKS = YES;
				GCC_OPTIMIZATION_LEVEL = 0;
				GCC_PREPROCESSOR_DEFINITIONS = (
					"DEBUG=1",
					"$(inherited)",
				);
				GCC_WARN_64_TO_32_BIT_CONVERSION = YES;
				GCC_WARN_ABOUT_RETURN_TYPE = YES_ERROR;
				GCC_WARN_UNDECLARED_SELECTOR = YES;
				GCC_WARN_UNINITIALIZED_AUTOS = YES_AGGRESSIVE;
				GCC_WARN_UNUSED_FUNCTION = YES;
				GCC_WARN_UNUSED_VARIABLE = YES;
				IPHONEOS_DEPLOYMENT_TARGET = 11.4;
				MTL_ENABLE_DEBUG_INFO = YES;
				ONLY_ACTIVE_ARCH = YES;
				SDKROOT = iphoneos;
			};
			name = Debug;
		};
		D446064720E41C44003EE0AD /* Release */ = {
			isa = XCBuildConfiguration;
			buildSettings = {
				ALWAYS_SEARCH_USER_PATHS = NO;
				CLANG_ANALYZER_NONNULL = YES;
				CLANG_ANALYZER_NUMBER_OBJECT_CONVERSION = YES_AGGRESSIVE;
				CLANG_CXX_LANGUAGE_STANDARD = "gnu++14";
				CLANG_CXX_LIBRARY = "libc++";
				CLANG_ENABLE_MODULES = YES;
				CLANG_ENABLE_OBJC_ARC = YES;
				CLANG_ENABLE_OBJC_WEAK = YES;
				CLANG_WARN_BLOCK_CAPTURE_AUTORELEASING = YES;
				CLANG_WARN_BOOL_CONVERSION = YES;
				CLANG_WARN_COMMA = YES;
				CLANG_WARN_CONSTANT_CONVERSION = YES;
				CLANG_WARN_DEPRECATED_OBJC_IMPLEMENTATIONS = YES;
				CLANG_WARN_DIRECT_OBJC_ISA_USAGE = YES_ERROR;
				CLANG_WARN_DOCUMENTATION_COMMENTS = YES;
				CLANG_WARN_EMPTY_BODY = YES;
				CLANG_WARN_ENUM_CONVERSION = YES;
				CLANG_WARN_INFINITE_RECURSION = YES;
				CLANG_WARN_INT_CONVERSION = YES;
				CLANG_WARN_NON_LITERAL_NULL_CONVERSION = YES;
				CLANG_WARN_OBJC_IMPLICIT_RETAIN_SELF = YES;
				CLANG_WARN_OBJC_LITERAL_CONVERSION = YES;
				CLANG_WARN_OBJC_ROOT_CLASS = YES_ERROR;
				CLANG_WARN_RANGE_LOOP_ANALYSIS = YES;
				CLANG_WARN_STRICT_PROTOTYPES = YES;
				CLANG_WARN_SUSPICIOUS_MOVE = YES;
				CLANG_WARN_UNGUARDED_AVAILABILITY = YES_AGGRESSIVE;
				CLANG_WARN_UNREACHABLE_CODE = YES;
				CLANG_WARN__DUPLICATE_METHOD_MATCH = YES;
				CODE_SIGN_IDENTITY = "iPhone Developer";
				COPY_PHASE_STRIP = NO;
				DEBUG_INFORMATION_FORMAT = "dwarf-with-dsym";
				ENABLE_NS_ASSERTIONS = NO;
				ENABLE_STRICT_OBJC_MSGSEND = YES;
				GCC_C_LANGUAGE_STANDARD = gnu11;
				GCC_NO_COMMON_BLOCKS = YES;
				GCC_WARN_64_TO_32_BIT_CONVERSION = YES;
				GCC_WARN_ABOUT_RETURN_TYPE = YES_ERROR;
				GCC_WARN_UNDECLARED_SELECTOR = YES;
				GCC_WARN_UNINITIALIZED_AUTOS = YES_AGGRESSIVE;
				GCC_WARN_UNUSED_FUNCTION = YES;
				GCC_WARN_UNUSED_VARIABLE = YES;
				IPHONEOS_DEPLOYMENT_TARGET = 11.4;
				MTL_ENABLE_DEBUG_INFO = NO;
				SDKROOT = iphoneos;
				VALIDATE_PRODUCT = YES;
			};
			name = Release;
		};
		D446064920E41C44003EE0AD /* Debug */ = {
			isa = XCBuildConfiguration;
			buildSettings = {
				ASSETCATALOG_COMPILER_APPICON_NAME = AppIcon;
				CLANG_ENABLE_OBJC_ARC = NO;
				CODE_SIGN_STYLE = Manual;
				DEVELOPMENT_TEAM = "";
				INFOPLIST_FILE = TriangleOrtho/Info.plist;
				LD_RUNPATH_SEARCH_PATHS = (
					"$(inherited)",
					"@executable_path/Frameworks",
				);
				PRODUCT_BUNDLE_IDENTIFIER = sam.amc.org.TriangleOrtho;
				PRODUCT_NAME = "$(TARGET_NAME)";
				PROVISIONING_PROFILE_SPECIFIER = "";
				TARGETED_DEVICE_FAMILY = 1;
			};
			name = Debug;
		};
		D446064A20E41C44003EE0AD /* Release */ = {
			isa = XCBuildConfiguration;
			buildSettings = {
				ASSETCATALOG_COMPILER_APPICON_NAME = AppIcon;
				CLANG_ENABLE_OBJC_ARC = NO;
				CODE_SIGN_STYLE = Manual;
				DEVELOPMENT_TEAM = "";
				INFOPLIST_FILE = TriangleOrtho/Info.plist;
				LD_RUNPATH_SEARCH_PATHS = (
					"$(inherited)",
					"@executable_path/Frameworks",
				);
				PRODUCT_BUNDLE_IDENTIFIER = sam.amc.org.TriangleOrtho;
				PRODUCT_NAME = "$(TARGET_NAME)";
				PROVISIONING_PROFILE_SPECIFIER = "";
				TARGETED_DEVICE_FAMILY = 1;
			};
			name = Release;
		};
/* End XCBuildConfiguration section */

/* Begin XCConfigurationList section */
		D446062D20E41C43003EE0AD /* Build configuration list for PBXProject "TriangleOrtho" */ = {
			isa = XCConfigurationList;
			buildConfigurations = (
				D446064620E41C44003EE0AD /* Debug */,
				D446064720E41C44003EE0AD /* Release */,
			);
			defaultConfigurationIsVisible = 0;
			defaultConfigurationName = Release;
		};
		D446064820E41C44003EE0AD /* Build configuration list for PBXNativeTarget "TriangleOrtho" */ = {
			isa = XCConfigurationList;
			buildConfigurations = (
				D446064920E41C44003EE0AD /* Debug */,
				D446064A20E41C44003EE0AD /* Release */,
			);
			defaultConfigurationIsVisible = 0;
			defaultConfigurationName = Release;
		};
/* End XCConfigurationList section */
	};
	rootObject = D446062A20E41C43003EE0AD /* Project object */;
}
